
Microsoft Visual Studio Solution File, Format Version 12.00
# Visual Studio Version 17
VisualStudioVersion = 17.4.33213.308
MinimumVisualStudioVersion = 10.0.40219.1
Project("{9A19103F-16F7-4668-BE54-9A1E7A4F7556}") = "Formulaire", "Formulaire\Formulaire.csproj", "{1FA61D1A-B10C-4734-AD36-9449F9B11485}"
EndProject
Project("{FAE04EC0-301F-11D3-BF4B-00C04F79EFBC}") = "Formulaire.ViewModel", "Formulaire.ViewModel\Formulaire.ViewModel.csproj", "{A4CA2EC3-04B2-4C8C-BA5B-20B55BF76680}"
EndProject
Project("{FAE04EC0-301F-11D3-BF4B-00C04F79EFBC}") = "Formulaire.Model", "Formulaire.Model\Formulaire.Model.csproj", "{73C0C191-E781-4721-9F83-F6336084A4E6}"
EndProject
Global
	GlobalSection(SolutionConfigurationPlatforms) = preSolution
		Debug|Any CPU = Debug|Any CPU
		Release|Any CPU = Release|Any CPU
	EndGlobalSection
	GlobalSection(ProjectConfigurationPlatforms) = postSolution
		{1FA61D1A-B10C-4734-AD36-9449F9B11485}.Debug|Any CPU.ActiveCfg = Debug|Any CPU
		{1FA61D1A-B10C-4734-AD36-9449F9B11485}.Debug|Any CPU.Build.0 = Debug|Any CPU
		{1FA61D1A-B10C-4734-AD36-9449F9B11485}.Release|Any CPU.ActiveCfg = Release|Any CPU
		{1FA61D1A-B10C-4734-AD36-9449F9B11485}.Release|Any CPU.Build.0 = Release|Any CPU
		{A4CA2EC3-04B2-4C8C-BA5B-20B55BF76680}.Debug|Any CPU.ActiveCfg = Debug|Any CPU
		{A4CA2EC3-04B2-4C8C-BA5B-20B55BF76680}.Debug|Any CPU.Build.0 = Debug|Any CPU
		{A4CA2EC3-04B2-4C8C-BA5B-20B55BF76680}.Release|Any CPU.ActiveCfg = Release|Any CPU
		{A4CA2EC3-04B2-4C8C-BA5B-20B55BF76680}.Release|Any CPU.Build.0 = Release|Any CPU
		{73C0C191-E781-4721-9F83-F6336084A4E6}.Debug|Any CPU.ActiveCfg = Debug|Any CPU
		{73C0C191-E781-4721-9F83-F6336084A4E6}.Debug|Any CPU.Build.0 = Debug|Any CPU
		{73C0C191-E781-4721-9F83-F6336084A4E6}.Release|Any CPU.ActiveCfg = Release|Any CPU
		{73C0C191-E781-4721-9F83-F6336084A4E6}.Release|Any CPU.Build.0 = Release|Any CPU
	EndGlobalSection
	GlobalSection(SolutionProperties) = preSolution
		HideSolutionNode = FALSE
	EndGlobalSection
	GlobalSection(ExtensibilityGlobals) = postSolution
		SolutionGuid = {A015D8BB-C1A6-4718-BD87-38AB48B9F9DE}
	EndGlobalSection
EndGlobal
